{
  "nodes": {
    "nixpkgs": {
      "locked": {
        "lastModified": 1665856284,
        "narHash": "sha256-FQusb2DuFo8UF0jhUSPFhDKc40jRbHcdyyw4anN20WA=",
        "owner": "nixos",
        "repo": "nixpkgs",
        "rev": "be44bf672c61a284f759898d1e59077b00655c4c",
        "type": "github"
      },
      "original": {
        "owner": "nixos",
        "ref": "nixos-22.05",
        "repo": "nixpkgs",
        "type": "github"
      }
    },
    "root": {
      "inputs": {
        "nixpkgs": "nixpkgs",
        "secrets": "secrets"
      }
    },
    "secrets": {
      "locked": {
        "lastModified": 1645527108,
        "narHash": "sha256-MrFVr+7bvCjIakf7f7Bgt9M5wJUF5ajm6oq0pTHULlA=",
        "path": "/etc/nixos-secrets",
        "type": "path"
      },
      "original": {
        "path": "/etc/nixos-secrets",
        "type": "path"
      }
    }
  },
  "root": "root",
  "version": 7
}
