{
  "nodes": {
    "nixpkgs": {
      "locked": {
        "lastModified": 1645433236,
        "narHash": "sha256-4va4MvJ076XyPp5h8sm5eMQvCrJ6yZAbBmyw95dGyw4=",
        "owner": "nixos",
        "repo": "nixpkgs",
        "rev": "7f9b6e2babf232412682c09e57ed666d8f84ac2d",
        "type": "github"
      },
      "original": {
        "owner": "nixos",
        "ref": "nixos-unstable",
        "repo": "nixpkgs",
        "type": "github"
      }
    },
    "root": {
      "inputs": {
        "nixpkgs": "nixpkgs",
        "secrets": "secrets"
      }
    },
    "secrets": {
      "locked": {
        "narHash": "sha256-MrFVr+7bvCjIakf7f7Bgt9M5wJUF5ajm6oq0pTHULlA=",
        "path": "/etc/nixos-secrets",
        "type": "path"
      },
      "original": {
        "path": "/etc/nixos-secrets",
        "type": "path"
      }
    }
  },
  "root": "root",
  "version": 7
}
