{
  "nodes": {
    "nixpkgs": {
      "locked": {
        "lastModified": 1671525405,
        "narHash": "sha256-MEgNxm/oRt5w4ycMENewfZQKOak0ixmjVPfXM96N1FA=",
        "owner": "nixos",
        "repo": "nixpkgs",
        "rev": "cbe419ed4c8f98bd82d169c321d339ea30904f1f",
        "type": "github"
      },
      "original": {
        "owner": "nixos",
        "ref": "nixos-22.11",
        "repo": "nixpkgs",
        "type": "github"
      }
    },
    "root": {
      "inputs": {
        "nixpkgs": "nixpkgs",
        "secrets": "secrets"
      }
    },
    "secrets": {
      "locked": {
        "lastModified": 1645527108,
        "narHash": "sha256-MrFVr+7bvCjIakf7f7Bgt9M5wJUF5ajm6oq0pTHULlA=",
        "path": "/etc/nixos-secrets",
        "type": "path"
      },
      "original": {
        "path": "/etc/nixos-secrets",
        "type": "path"
      }
    }
  },
  "root": "root",
  "version": 7
}
